
Microsoft Visual Studio Solution File, Format Version 12.00
# Visual Studio Version 17
VisualStudioVersion = 17.5.33414.496
MinimumVisualStudioVersion = 10.0.40219.1
Project("{FAE04EC0-301F-11D3-BF4B-00C04F79EFBC}") = "QrEtkinlik", "QrEtkinlik\QrEtkinlik.csproj", "{78FE8B7E-8DD8-4BB9-B7F2-6BC652EA9617}"
EndProject
Global
	GlobalSection(SolutionConfigurationPlatforms) = preSolution
		Debug|Any CPU = Debug|Any CPU
		Release|Any CPU = Release|Any CPU
	EndGlobalSection
	GlobalSection(ProjectConfigurationPlatforms) = postSolution
		{78FE8B7E-8DD8-4BB9-B7F2-6BC652EA9617}.Debug|Any CPU.ActiveCfg = Debug|Any CPU
		{78FE8B7E-8DD8-4BB9-B7F2-6BC652EA9617}.Debug|Any CPU.Build.0 = Debug|Any CPU
		{78FE8B7E-8DD8-4BB9-B7F2-6BC652EA9617}.Release|Any CPU.ActiveCfg = Release|Any CPU
		{78FE8B7E-8DD8-4BB9-B7F2-6BC652EA9617}.Release|Any CPU.Build.0 = Release|Any CPU
	EndGlobalSection
	GlobalSection(SolutionProperties) = preSolution
		HideSolutionNode = FALSE
	EndGlobalSection
	GlobalSection(ExtensibilityGlobals) = postSolution
		SolutionGuid = {245F0198-44F7-49B8-9ED8-CD6DA39C79A2}
	EndGlobalSection
EndGlobal
